// !$*UTF8*$!
{
	archiveVersion = 1;
	classes = {
	};
	objectVersion = 50;
	objects = {

/* Begin PBXBuildFile section */
		6051BF742112582E009F4F38 /* Task+Convenience.swift in Sources */ = {isa = PBXBuildFile; fileRef = 6051BF732112582E009F4F38 /* Task+Convenience.swift */; };
		60657A4621192D2700F4F6F5 /* DateHelper.swift in Sources */ = {isa = PBXBuildFile; fileRef = 60657A4521192D2700F4F6F5 /* DateHelper.swift */; };
		60F9E55321124D54003E8FA4 /* AppDelegate.swift in Sources */ = {isa = PBXBuildFile; fileRef = 60F9E55221124D54003E8FA4 /* AppDelegate.swift */; };
		60F9E55821124D54003E8FA4 /* Main.storyboard in Resources */ = {isa = PBXBuildFile; fileRef = 60F9E55621124D54003E8FA4 /* Main.storyboard */; };
		60F9E55B21124D54003E8FA4 /* TaskList.xcdatamodeld in Sources */ = {isa = PBXBuildFile; fileRef = 60F9E55921124D54003E8FA4 /* TaskList.xcdatamodeld */; };
		60F9E55D21124D55003E8FA4 /* Assets.xcassets in Resources */ = {isa = PBXBuildFile; fileRef = 60F9E55C21124D55003E8FA4 /* Assets.xcassets */; };
		60F9E56021124D55003E8FA4 /* LaunchScreen.storyboard in Resources */ = {isa = PBXBuildFile; fileRef = 60F9E55E21124D55003E8FA4 /* LaunchScreen.storyboard */; };
		60F9E569211250F6003E8FA4 /* TaskController.swift in Sources */ = {isa = PBXBuildFile; fileRef = 60F9E568211250F6003E8FA4 /* TaskController.swift */; };
		60F9E56B2112510A003E8FA4 /* TaskListTableViewController.swift in Sources */ = {isa = PBXBuildFile; fileRef = 60F9E56A2112510A003E8FA4 /* TaskListTableViewController.swift */; };
		60F9E56D21125115003E8FA4 /* TaskDetailTableViewController.swift in Sources */ = {isa = PBXBuildFile; fileRef = 60F9E56C21125115003E8FA4 /* TaskDetailTableViewController.swift */; };
		60F9E56F21125125003E8FA4 /* TaskTableViewCell.swift in Sources */ = {isa = PBXBuildFile; fileRef = 60F9E56E21125125003E8FA4 /* TaskTableViewCell.swift */; };
		60F9E5712112522E003E8FA4 /* CoreDataStack.swift in Sources */ = {isa = PBXBuildFile; fileRef = 60F9E5702112522E003E8FA4 /* CoreDataStack.swift */; };
/* End PBXBuildFile section */

/* Begin PBXFileReference section */
		6051BF732112582E009F4F38 /* Task+Convenience.swift */ = {isa = PBXFileReference; lastKnownFileType = sourcecode.swift; path = "Task+Convenience.swift"; sourceTree = "<group>"; };
		60657A4521192D2700F4F6F5 /* DateHelper.swift */ = {isa = PBXFileReference; lastKnownFileType = sourcecode.swift; path = DateHelper.swift; sourceTree = "<group>"; };
		60F9E54F21124D54003E8FA4 /* TaskList.app */ = {isa = PBXFileReference; explicitFileType = wrapper.application; includeInIndex = 0; path = TaskList.app; sourceTree = BUILT_PRODUCTS_DIR; };
		60F9E55221124D54003E8FA4 /* AppDelegate.swift */ = {isa = PBXFileReference; lastKnownFileType = sourcecode.swift; path = AppDelegate.swift; sourceTree = "<group>"; };
		60F9E55721124D54003E8FA4 /* Base */ = {isa = PBXFileReference; lastKnownFileType = file.storyboard; name = Base; path = Base.lproj/Main.storyboard; sourceTree = "<group>"; };
		60F9E55A21124D54003E8FA4 /* TaskList.xcdatamodel */ = {isa = PBXFileReference; lastKnownFileType = wrapper.xcdatamodel; path = TaskList.xcdatamodel; sourceTree = "<group>"; };
		60F9E55C21124D55003E8FA4 /* Assets.xcassets */ = {isa = PBXFileReference; lastKnownFileType = folder.assetcatalog; path = Assets.xcassets; sourceTree = "<group>"; };
		60F9E55F21124D55003E8FA4 /* Base */ = {isa = PBXFileReference; lastKnownFileType = file.storyboard; name = Base; path = Base.lproj/LaunchScreen.storyboard; sourceTree = "<group>"; };
		60F9E56121124D55003E8FA4 /* Info.plist */ = {isa = PBXFileReference; lastKnownFileType = text.plist.xml; path = Info.plist; sourceTree = "<group>"; };
		60F9E568211250F6003E8FA4 /* TaskController.swift */ = {isa = PBXFileReference; lastKnownFileType = sourcecode.swift; path = TaskController.swift; sourceTree = "<group>"; };
		60F9E56A2112510A003E8FA4 /* TaskListTableViewController.swift */ = {isa = PBXFileReference; lastKnownFileType = sourcecode.swift; path = TaskListTableViewController.swift; sourceTree = "<group>"; };
		60F9E56C21125115003E8FA4 /* TaskDetailTableViewController.swift */ = {isa = PBXFileReference; lastKnownFileType = sourcecode.swift; path = TaskDetailTableViewController.swift; sourceTree = "<group>"; };
		60F9E56E21125125003E8FA4 /* TaskTableViewCell.swift */ = {isa = PBXFileReference; lastKnownFileType = sourcecode.swift; path = TaskTableViewCell.swift; sourceTree = "<group>"; };
		60F9E5702112522E003E8FA4 /* CoreDataStack.swift */ = {isa = PBXFileReference; lastKnownFileType = sourcecode.swift; path = CoreDataStack.swift; sourceTree = "<group>"; };
/* End PBXFileReference section */

/* Begin PBXFrameworksBuildPhase section */
		60F9E54C21124D54003E8FA4 /* Frameworks */ = {
			isa = PBXFrameworksBuildPhase;
			buildActionMask = 2147483647;
			files = (
			);
			runOnlyForDeploymentPostprocessing = 0;
		};
/* End PBXFrameworksBuildPhase section */

/* Begin PBXGroup section */
		6051BF71211256A7009F4F38 /* Storyboards */ = {
			isa = PBXGroup;
			children = (
				60F9E55621124D54003E8FA4 /* Main.storyboard */,
				60F9E55E21124D55003E8FA4 /* LaunchScreen.storyboard */,
			);
			path = Storyboards;
			sourceTree = "<group>";
		};
		6051BF72211256B8009F4F38 /* ViewControllers */ = {
			isa = PBXGroup;
			children = (
				60F9E56A2112510A003E8FA4 /* TaskListTableViewController.swift */,
				60F9E56E21125125003E8FA4 /* TaskTableViewCell.swift */,
				60F9E56C21125115003E8FA4 /* TaskDetailTableViewController.swift */,
			);
			path = ViewControllers;
			sourceTree = "<group>";
		};
		60F9E54621124D54003E8FA4 = {
			isa = PBXGroup;
			children = (
				60F9E55121124D54003E8FA4 /* TaskList */,
				60F9E55021124D54003E8FA4 /* Products */,
			);
			sourceTree = "<group>";
		};
		60F9E55021124D54003E8FA4 /* Products */ = {
			isa = PBXGroup;
			children = (
				60F9E54F21124D54003E8FA4 /* TaskList.app */,
			);
			name = Products;
			sourceTree = "<group>";
		};
		60F9E55121124D54003E8FA4 /* TaskList */ = {
			isa = PBXGroup;
			children = (
				60F9E55921124D54003E8FA4 /* TaskList.xcdatamodeld */,
				60F9E5702112522E003E8FA4 /* CoreDataStack.swift */,
				6051BF732112582E009F4F38 /* Task+Convenience.swift */,
				60F9E568211250F6003E8FA4 /* TaskController.swift */,
				6051BF72211256B8009F4F38 /* ViewControllers */,
				6051BF71211256A7009F4F38 /* Storyboards */,
				60F9E56721124D7A003E8FA4 /* Resources */,
			);
			path = TaskList;
			sourceTree = "<group>";
		};
		60F9E56721124D7A003E8FA4 /* Resources */ = {
			isa = PBXGroup;
			children = (
				60F9E55221124D54003E8FA4 /* AppDelegate.swift */,
				60657A4521192D2700F4F6F5 /* DateHelper.swift */,
				60F9E55C21124D55003E8FA4 /* Assets.xcassets */,
				60F9E56121124D55003E8FA4 /* Info.plist */,
			);
			path = Resources;
			sourceTree = "<group>";
		};
/* End PBXGroup section */

/* Begin PBXNativeTarget section */
		60F9E54E21124D54003E8FA4 /* TaskList */ = {
			isa = PBXNativeTarget;
			buildConfigurationList = 60F9E56421124D55003E8FA4 /* Build configuration list for PBXNativeTarget "TaskList" */;
			buildPhases = (
				60F9E54B21124D54003E8FA4 /* Sources */,
				60F9E54C21124D54003E8FA4 /* Frameworks */,
				60F9E54D21124D54003E8FA4 /* Resources */,
			);
			buildRules = (
			);
			dependencies = (
			);
			name = TaskList;
			productName = TaskList;
			productReference = 60F9E54F21124D54003E8FA4 /* TaskList.app */;
			productType = "com.apple.product-type.application";
		};
/* End PBXNativeTarget section */

/* Begin PBXProject section */
		60F9E54721124D54003E8FA4 /* Project object */ = {
			isa = PBXProject;
			attributes = {
				LastSwiftUpdateCheck = 0940;
				LastUpgradeCheck = 0940;
				ORGANIZATIONNAME = "Seth Danner";
				TargetAttributes = {
					60F9E54E21124D54003E8FA4 = {
						CreatedOnToolsVersion = 9.4.1;
					};
				};
			};
			buildConfigurationList = 60F9E54A21124D54003E8FA4 /* Build configuration list for PBXProject "TaskList" */;
			compatibilityVersion = "Xcode 9.3";
			developmentRegion = en;
			hasScannedForEncodings = 0;
			knownRegions = (
				en,
				Base,
			);
			mainGroup = 60F9E54621124D54003E8FA4;
			productRefGroup = 60F9E55021124D54003E8FA4 /* Products */;
			projectDirPath = "";
			projectRoot = "";
			targets = (
				60F9E54E21124D54003E8FA4 /* TaskList */,
			);
		};
/* End PBXProject section */

/* Begin PBXResourcesBuildPhase section */
		60F9E54D21124D54003E8FA4 /* Resources */ = {
			isa = PBXResourcesBuildPhase;
			buildActionMask = 2147483647;
			files = (
				60F9E56021124D55003E8FA4 /* LaunchScreen.storyboard in Resources */,
				60F9E55D21124D55003E8FA4 /* Assets.xcassets in Resources */,
				60F9E55821124D54003E8FA4 /* Main.storyboard in Resources */,
			);
			runOnlyForDeploymentPostprocessing = 0;
		};
/* End PBXResourcesBuildPhase section */

/* Begin PBXSourcesBuildPhase section */
		60F9E54B21124D54003E8FA4 /* Sources */ = {
			isa = PBXSourcesBuildPhase;
			buildActionMask = 2147483647;
			files = (
				60F9E5712112522E003E8FA4 /* CoreDataStack.swift in Sources */,
				60F9E55B21124D54003E8FA4 /* TaskList.xcdatamodeld in Sources */,
				60F9E569211250F6003E8FA4 /* TaskController.swift in Sources */,
				60F9E56F21125125003E8FA4 /* TaskTableViewCell.swift in Sources */,
				6051BF742112582E009F4F38 /* Task+Convenience.swift in Sources */,
				60F9E56B2112510A003E8FA4 /* TaskListTableViewController.swift in Sources */,
				60657A4621192D2700F4F6F5 /* DateHelper.swift in Sources */,
				60F9E56D21125115003E8FA4 /* TaskDetailTableViewController.swift in Sources */,
				60F9E55321124D54003E8FA4 /* AppDelegate.swift in Sources */,
			);
			runOnlyForDeploymentPostprocessing = 0;
		};
/* End PBXSourcesBuildPhase section */

/* Begin PBXVariantGroup section */
		60F9E55621124D54003E8FA4 /* Main.storyboard */ = {
			isa = PBXVariantGroup;
			children = (
				60F9E55721124D54003E8FA4 /* Base */,
			);
			name = Main.storyboard;
			sourceTree = "<group>";
		};
		60F9E55E21124D55003E8FA4 /* LaunchScreen.storyboard */ = {
			isa = PBXVariantGroup;
			children = (
				60F9E55F21124D55003E8FA4 /* Base */,
			);
			name = LaunchScreen.storyboard;
			sourceTree = "<group>";
		};
/* End PBXVariantGroup section */

/* Begin XCBuildConfiguration section */
		60F9E56221124D55003E8FA4 /* Debug */ = {
			isa = XCBuildConfiguration;
			buildSettings = {
				ALWAYS_SEARCH_USER_PATHS = NO;
				CLANG_ANALYZER_NONNULL = YES;
				CLANG_ANALYZER_NUMBER_OBJECT_CONVERSION = YES_AGGRESSIVE;
				CLANG_CXX_LANGUAGE_STANDARD = "gnu++14";
				CLANG_CXX_LIBRARY = "libc++";
				CLANG_ENABLE_MODULES = YES;
				CLANG_ENABLE_OBJC_ARC = YES;
				CLANG_ENABLE_OBJC_WEAK = YES;
				CLANG_WARN_BLOCK_CAPTURE_AUTORELEASING = YES;
				CLANG_WARN_BOOL_CONVERSION = YES;
				CLANG_WARN_COMMA = YES;
				CLANG_WARN_CONSTANT_CONVERSION = YES;
				CLANG_WARN_DEPRECATED_OBJC_IMPLEMENTATIONS = YES;
				CLANG_WARN_DIRECT_OBJC_ISA_USAGE = YES_ERROR;
				CLANG_WARN_DOCUMENTATION_COMMENTS = YES;
				CLANG_WARN_EMPTY_BODY = YES;
				CLANG_WARN_ENUM_CONVERSION = YES;
				CLANG_WARN_INFINITE_RECURSION = YES;
				CLANG_WARN_INT_CONVERSION = YES;
				CLANG_WARN_NON_LITERAL_NULL_CONVERSION = YES;
				CLANG_WARN_OBJC_IMPLICIT_RETAIN_SELF = YES;
				CLANG_WARN_OBJC_LITERAL_CONVERSION = YES;
				CLANG_WARN_OBJC_ROOT_CLASS = YES_ERROR;
				CLANG_WARN_RANGE_LOOP_ANALYSIS = YES;
				CLANG_WARN_STRICT_PROTOTYPES = YES;
				CLANG_WARN_SUSPICIOUS_MOVE = YES;
				CLANG_WARN_UNGUARDED_AVAILABILITY = YES_AGGRESSIVE;
				CLANG_WARN_UNREACHABLE_CODE = YES;
				CLANG_WARN__DUPLICATE_METHOD_MATCH = YES;
				CODE_SIGN_IDENTITY = "iPhone Developer";
				COPY_PHASE_STRIP = NO;
				DEBUG_INFORMATION_FORMAT = dwarf;
				ENABLE_STRICT_OBJC_MSGSEND = YES;
				ENABLE_TESTABILITY = YES;
				GCC_C_LANGUAGE_STANDARD = gnu11;
				GCC_DYNAMIC_NO_PIC = NO;
				GCC_NO_COMMON_BLOCKS = YES;
				GCC_OPTIMIZATION_LEVEL = 0;
				GCC_PREPROCESSOR_DEFINITIONS = (
					"DEBUG=1",
					"$(inherited)",
				);
				GCC_WARN_64_TO_32_BIT_CONVERSION = YES;
				GCC_WARN_ABOUT_RETURN_TYPE = YES_ERROR;
				GCC_WARN_UNDECLARED_SELECTOR = YES;
				GCC_WARN_UNINITIALIZED_AUTOS = YES_AGGRESSIVE;
				GCC_WARN_UNUSED_FUNCTION = YES;
				GCC_WARN_UNUSED_VARIABLE = YES;
				IPHONEOS_DEPLOYMENT_TARGET = 11.4;
				MTL_ENABLE_DEBUG_INFO = YES;
				ONLY_ACTIVE_ARCH = YES;
				SDKROOT = iphoneos;
				SWIFT_ACTIVE_COMPILATION_CONDITIONS = DEBUG;
				SWIFT_OPTIMIZATION_LEVEL = "-Onone";
			};
			name = Debug;
		};
		60F9E56321124D55003E8FA4 /* Release */ = {
			isa = XCBuildConfiguration;
			buildSettings = {
				ALWAYS_SEARCH_USER_PATHS = NO;
				CLANG_ANALYZER_NONNULL = YES;
				CLANG_ANALYZER_NUMBER_OBJECT_CONVERSION = YES_AGGRESSIVE;
				CLANG_CXX_LANGUAGE_STANDARD = "gnu++14";
				CLANG_CXX_LIBRARY = "libc++";
				CLANG_ENABLE_MODULES = YES;
				CLANG_ENABLE_OBJC_ARC = YES;
				CLANG_ENABLE_OBJC_WEAK = YES;
				CLANG_WARN_BLOCK_CAPTURE_AUTORELEASING = YES;
				CLANG_WARN_BOOL_CONVERSION = YES;
				CLANG_WARN_COMMA = YES;
				CLANG_WARN_CONSTANT_CONVERSION = YES;
				CLANG_WARN_DEPRECATED_OBJC_IMPLEMENTATIONS = YES;
				CLANG_WARN_DIRECT_OBJC_ISA_USAGE = YES_ERROR;
				CLANG_WARN_DOCUMENTATION_COMMENTS = YES;
				CLANG_WARN_EMPTY_BODY = YES;
				CLANG_WARN_ENUM_CONVERSION = YES;
				CLANG_WARN_INFINITE_RECURSION = YES;
				CLANG_WARN_INT_CONVERSION = YES;
				CLANG_WARN_NON_LITERAL_NULL_CONVERSION = YES;
				CLANG_WARN_OBJC_IMPLICIT_RETAIN_SELF = YES;
				CLANG_WARN_OBJC_LITERAL_CONVERSION = YES;
				CLANG_WARN_OBJC_ROOT_CLASS = YES_ERROR;
				CLANG_WARN_RANGE_LOOP_ANALYSIS = YES;
				CLANG_WARN_STRICT_PROTOTYPES = YES;
				CLANG_WARN_SUSPICIOUS_MOVE = YES;
				CLANG_WARN_UNGUARDED_AVAILABILITY = YES_AGGRESSIVE;
				CLANG_WARN_UNREACHABLE_CODE = YES;
				CLANG_WARN__DUPLICATE_METHOD_MATCH = YES;
				CODE_SIGN_IDENTITY = "iPhone Developer";
				COPY_PHASE_STRIP = NO;
				DEBUG_INFORMATION_FORMAT = "dwarf-with-dsym";
				ENABLE_NS_ASSERTIONS = NO;
				ENABLE_STRICT_OBJC_MSGSEND = YES;
				GCC_C_LANGUAGE_STANDARD = gnu11;
				GCC_NO_COMMON_BLOCKS = YES;
				GCC_WARN_64_TO_32_BIT_CONVERSION = YES;
				GCC_WARN_ABOUT_RETURN_TYPE = YES_ERROR;
				GCC_WARN_UNDECLARED_SELECTOR = YES;
				GCC_WARN_UNINITIALIZED_AUTOS = YES_AGGRESSIVE;
				GCC_WARN_UNUSED_FUNCTION = YES;
				GCC_WARN_UNUSED_VARIABLE = YES;
				IPHONEOS_DEPLOYMENT_TARGET = 11.4;
				MTL_ENABLE_DEBUG_INFO = NO;
				SDKROOT = iphoneos;
				SWIFT_COMPILATION_MODE = wholemodule;
				SWIFT_OPTIMIZATION_LEVEL = "-O";
				VALIDATE_PRODUCT = YES;
			};
			name = Release;
		};
		60F9E56521124D55003E8FA4 /* Debug */ = {
			isa = XCBuildConfiguration;
			buildSettings = {
				ASSETCATALOG_COMPILER_APPICON_NAME = AppIcon;
				CODE_SIGN_STYLE = Automatic;
				DEVELOPMENT_TEAM = 9KP8U9QDYN;
				INFOPLIST_FILE = "$(SRCROOT)/TaskList/Resources/Info.plist";
				LD_RUNPATH_SEARCH_PATHS = (
					"$(inherited)",
					"@executable_path/Frameworks",
				);
				PRODUCT_BUNDLE_IDENTIFIER = com.SethDanner.TaskList;
				PRODUCT_NAME = "$(TARGET_NAME)";
				SWIFT_VERSION = 4.0;
				TARGETED_DEVICE_FAMILY = "1,2";
			};
			name = Debug;
		};
		60F9E56621124D55003E8FA4 /* Release */ = {
			isa = XCBuildConfiguration;
			buildSettings = {
				ASSETCATALOG_COMPILER_APPICON_NAME = AppIcon;
				CODE_SIGN_STYLE = Automatic;
				DEVELOPMENT_TEAM = 9KP8U9QDYN;
				INFOPLIST_FILE = "$(SRCROOT)/TaskList/Resources/Info.plist";
				LD_RUNPATH_SEARCH_PATHS = (
					"$(inherited)",
					"@executable_path/Frameworks",
				);
				PRODUCT_BUNDLE_IDENTIFIER = com.SethDanner.TaskList;
				PRODUCT_NAME = "$(TARGET_NAME)";
				SWIFT_VERSION = 4.0;
				TARGETED_DEVICE_FAMILY = "1,2";
			};
			name = Release;
		};
/* End XCBuildConfiguration section */

/* Begin XCConfigurationList section */
		60F9E54A21124D54003E8FA4 /* Build configuration list for PBXProject "TaskList" */ = {
			isa = XCConfigurationList;
			buildConfigurations = (
				60F9E56221124D55003E8FA4 /* Debug */,
				60F9E56321124D55003E8FA4 /* Release */,
			);
			defaultConfigurationIsVisible = 0;
			defaultConfigurationName = Release;
		};
		60F9E56421124D55003E8FA4 /* Build configuration list for PBXNativeTarget "TaskList" */ = {
			isa = XCConfigurationList;
			buildConfigurations = (
				60F9E56521124D55003E8FA4 /* Debug */,
				60F9E56621124D55003E8FA4 /* Release */,
			);
			defaultConfigurationIsVisible = 0;
			defaultConfigurationName = Release;
		};
/* End XCConfigurationList section */

/* Begin XCVersionGroup section */
		60F9E55921124D54003E8FA4 /* TaskList.xcdatamodeld */ = {
			isa = XCVersionGroup;
			children = (
				60F9E55A21124D54003E8FA4 /* TaskList.xcdatamodel */,
			);
			currentVersion = 60F9E55A21124D54003E8FA4 /* TaskList.xcdatamodel */;
			path = TaskList.xcdatamodeld;
			sourceTree = "<group>";
			versionGroupType = wrapper.xcdatamodel;
		};
/* End XCVersionGroup section */
	};
	rootObject = 60F9E54721124D54003E8FA4 /* Project object */;
}
